// !$*UTF8*$!
{
	archiveVersion = 1;
	classes = {
	};
	objectVersion = 46;
	objects = {

/* Begin PBXBuildFile section */
		8F009FED1B4EBDF6005AA0F1 /* AppDelegate.swift in Sources */ = {isa = PBXBuildFile; fileRef = 8F009FEC1B4EBDF6005AA0F1 /* AppDelegate.swift */; };
		8F009FEF1B4EBDF6005AA0F1 /* ViewController.swift in Sources */ = {isa = PBXBuildFile; fileRef = 8F009FEE1B4EBDF6005AA0F1 /* ViewController.swift */; };
		8F009FF21B4EBDF6005AA0F1 /* Main.storyboard in Resources */ = {isa = PBXBuildFile; fileRef = 8F009FF01B4EBDF6005AA0F1 /* Main.storyboard */; };
		8F009FF41B4EBDF6005AA0F1 /* Images.xcassets in Resources */ = {isa = PBXBuildFile; fileRef = 8F009FF31B4EBDF6005AA0F1 /* Images.xcassets */; };
		8F009FF71B4EBDF6005AA0F1 /* LaunchScreen.xib in Resources */ = {isa = PBXBuildFile; fileRef = 8F009FF51B4EBDF6005AA0F1 /* LaunchScreen.xib */; };
		8F00A0031B4EBDF6005AA0F1 /* BeekTests.swift in Sources */ = {isa = PBXBuildFile; fileRef = 8F00A0021B4EBDF6005AA0F1 /* BeekTests.swift */; };
		8F00A0101B4EBE27005AA0F1 /* AudioToolbox.framework in Frameworks */ = {isa = PBXBuildFile; fileRef = 8F00A00C1B4EBE27005AA0F1 /* AudioToolbox.framework */; };
		8F00A0111B4EBE27005AA0F1 /* CFNetwork.framework in Frameworks */ = {isa = PBXBuildFile; fileRef = 8F00A00D1B4EBE27005AA0F1 /* CFNetwork.framework */; };
		8F00A0121B4EBE27005AA0F1 /* CoreLocation.framework in Frameworks */ = {isa = PBXBuildFile; fileRef = 8F00A00E1B4EBE27005AA0F1 /* CoreLocation.framework */; };
		8F00A0131B4EBE27005AA0F1 /* libsqlite3.dylib in Frameworks */ = {isa = PBXBuildFile; fileRef = 8F00A00F1B4EBE27005AA0F1 /* libsqlite3.dylib */; };
		8F00A01C1B4EBE6E005AA0F1 /* SystemConfiguration.framework in Frameworks */ = {isa = PBXBuildFile; fileRef = 8F00A0151B4EBE6E005AA0F1 /* SystemConfiguration.framework */; };
		8F00A01D1B4EBE6E005AA0F1 /* libz.dylib in Frameworks */ = {isa = PBXBuildFile; fileRef = 8F00A0161B4EBE6E005AA0F1 /* libz.dylib */; };
		8F00A01F1B4EBE6E005AA0F1 /* Security.framework in Frameworks */ = {isa = PBXBuildFile; fileRef = 8F00A0181B4EBE6E005AA0F1 /* Security.framework */; };
		8F00A0201B4EBE6E005AA0F1 /* QuartzCore.framework in Frameworks */ = {isa = PBXBuildFile; fileRef = 8F00A0191B4EBE6E005AA0F1 /* QuartzCore.framework */; };
		8F00A0211B4EBE6E005AA0F1 /* MobileCoreServices.framework in Frameworks */ = {isa = PBXBuildFile; fileRef = 8F00A01A1B4EBE6E005AA0F1 /* MobileCoreServices.framework */; };
		8F00A0221B4EBE6E005AA0F1 /* CoreGraphics.framework in Frameworks */ = {isa = PBXBuildFile; fileRef = 8F00A01B1B4EBE6E005AA0F1 /* CoreGraphics.framework */; };
		8F00A0321B4EE0DB005AA0F1 /* CreatePostViewController.swift in Sources */ = {isa = PBXBuildFile; fileRef = 8F00A0311B4EE0DB005AA0F1 /* CreatePostViewController.swift */; };
		8F00A0361B4EE49C005AA0F1 /* DetailViewController.swift in Sources */ = {isa = PBXBuildFile; fileRef = 8F00A0351B4EE49C005AA0F1 /* DetailViewController.swift */; };
		8F00A03F1B4F56F6005AA0F1 /* LoginViewController.swift in Sources */ = {isa = PBXBuildFile; fileRef = 8F00A03E1B4F56F6005AA0F1 /* LoginViewController.swift */; };
		8F00A0421B500A9A005AA0F1 /* FeedbackViewController.swift in Sources */ = {isa = PBXBuildFile; fileRef = 8F00A0411B500A9A005AA0F1 /* FeedbackViewController.swift */; };
		8F00A04D1B501849005AA0F1 /* ParseCrashReporting.framework in Frameworks */ = {isa = PBXBuildFile; fileRef = 8F00A0471B501849005AA0F1 /* ParseCrashReporting.framework */; };
		8F00A0501B501849005AA0F1 /* ParseUI.framework in Frameworks */ = {isa = PBXBuildFile; fileRef = 8F00A04A1B501849005AA0F1 /* ParseUI.framework */; };
		8F00A0561B501C7A005AA0F1 /* ProfileViewController.swift in Sources */ = {isa = PBXBuildFile; fileRef = 8F00A0551B501C7A005AA0F1 /* ProfileViewController.swift */; };
		8F00A05C1B504F5D005AA0F1 /* MyPostsViewController.swift in Sources */ = {isa = PBXBuildFile; fileRef = 8F00A05B1B504F5D005AA0F1 /* MyPostsViewController.swift */; };
		8F00A0661B505B51005AA0F1 /* FoursquareDataSource.swift in Sources */ = {isa = PBXBuildFile; fileRef = 8F00A0651B505B51005AA0F1 /* FoursquareDataSource.swift */; };
		8F10208C1B66B90A005C6F0F /* Social.framework in Frameworks */ = {isa = PBXBuildFile; fileRef = 8F10208B1B66B90A005C6F0F /* Social.framework */; };
		8F10208F1B66B90F005C6F0F /* Accounts.framework in Frameworks */ = {isa = PBXBuildFile; fileRef = 8F10208E1B66B90F005C6F0F /* Accounts.framework */; };
		8F1020931B66C00F005C6F0F /* CoreMotion.framework in Frameworks */ = {isa = PBXBuildFile; fileRef = 8F1020921B66C00F005C6F0F /* CoreMotion.framework */; };
		8F1020951B66D261005C6F0F /* ContextDataSource.swift in Sources */ = {isa = PBXBuildFile; fileRef = 8F1020941B66D261005C6F0F /* ContextDataSource.swift */; };
		8F10209B1B67CFAB005C6F0F /* ParseFacebookUtilsV4.framework in Frameworks */ = {isa = PBXBuildFile; fileRef = 8F10209A1B67CFAB005C6F0F /* ParseFacebookUtilsV4.framework */; };
		8F1020AD1B67D25F005C6F0F /* libstdc++.6.dylib in Frameworks */ = {isa = PBXBuildFile; fileRef = 8F1020AC1B67D25F005C6F0F /* libstdc++.6.dylib */; };
		8F1020B71B67D97F005C6F0F /* ContextManager.swift in Sources */ = {isa = PBXBuildFile; fileRef = 8F1020B61B67D97F005C6F0F /* ContextManager.swift */; };
		8F2951691B6A7EA500B3F26C /* SwiftyJSON.swift in Sources */ = {isa = PBXBuildFile; fileRef = 8F2951681B6A7EA500B3F26C /* SwiftyJSON.swift */; };
		8F29516B1B6AB1CB00B3F26C /* PlacePickerDataSource.swift in Sources */ = {isa = PBXBuildFile; fileRef = 8F29516A1B6AB1CB00B3F26C /* PlacePickerDataSource.swift */; };
		8F29516F1B6BCD6400B3F26C /* TimePickerDataSource.swift in Sources */ = {isa = PBXBuildFile; fileRef = 8F29516E1B6BCD6400B3F26C /* TimePickerDataSource.swift */; };
		8F30C7D91B60244D009B7C5D /* Apps.plist in Resources */ = {isa = PBXBuildFile; fileRef = 8F30C7D81B60244D009B7C5D /* Apps.plist */; };
		8F30C7EE1B6038A6009B7C5D /* balloon.jpg in Resources */ = {isa = PBXBuildFile; fileRef = 8F30C7E71B6038A6009B7C5D /* balloon.jpg */; };
		8F30C7EF1B6038A6009B7C5D /* beek_circl.png in Resources */ = {isa = PBXBuildFile; fileRef = 8F30C7E81B6038A6009B7C5D /* beek_circl.png */; };
		8F30C7F01B6038A6009B7C5D /* logo_white.png in Resources */ = {isa = PBXBuildFile; fileRef = 8F30C7E91B6038A6009B7C5D /* logo_white.png */; };
		8F30C7F11B6038A6009B7C5D /* postbutton.jpg in Resources */ = {isa = PBXBuildFile; fileRef = 8F30C7EA1B6038A6009B7C5D /* postbutton.jpg */; };
		8F30C7F21B6038A6009B7C5D /* poweredByFoursquare.png in Resources */ = {isa = PBXBuildFile; fileRef = 8F30C7EB1B6038A6009B7C5D /* poweredByFoursquare.png */; };
		8F30C7F31B6038A6009B7C5D /* profile_icon.png in Resources */ = {isa = PBXBuildFile; fileRef = 8F30C7EC1B6038A6009B7C5D /* profile_icon.png */; };
		8F30C7F71B6038B0009B7C5D /* facebook.png in Resources */ = {isa = PBXBuildFile; fileRef = 8F30C7F41B6038B0009B7C5D /* facebook.png */; };
		8F30C7F81B6038B0009B7C5D /* instagram.png in Resources */ = {isa = PBXBuildFile; fileRef = 8F30C7F51B6038B0009B7C5D /* instagram.png */; };
		8F30C7F91B6038B0009B7C5D /* twitter.png in Resources */ = {isa = PBXBuildFile; fileRef = 8F30C7F61B6038B0009B7C5D /* twitter.png */; };
		8F38D6A51B7523EE00429151 /* profile_icon@2x.png in Resources */ = {isa = PBXBuildFile; fileRef = 8F38D6A31B7523EE00429151 /* profile_icon@2x.png */; };
		8F38D6A61B7523EE00429151 /* profile_icon@3x.png in Resources */ = {isa = PBXBuildFile; fileRef = 8F38D6A41B7523EE00429151 /* profile_icon@3x.png */; };
		8F38D6AE1B75255C00429151 /* ic_exit_to_app_48pt_2x.png in Resources */ = {isa = PBXBuildFile; fileRef = 8F38D6A81B75255C00429151 /* ic_exit_to_app_48pt_2x.png */; };
		8F38D6AF1B75255C00429151 /* ic_exit_to_app_48pt_3x.png in Resources */ = {isa = PBXBuildFile; fileRef = 8F38D6A91B75255C00429151 /* ic_exit_to_app_48pt_3x.png */; };
		8F38D6B01B75255C00429151 /* ic_exit_to_app_48pt.png in Resources */ = {isa = PBXBuildFile; fileRef = 8F38D6AA1B75255C00429151 /* ic_exit_to_app_48pt.png */; };
		8F38D6B11B75255C00429151 /* ic_notifications_48pt_2x.png in Resources */ = {isa = PBXBuildFile; fileRef = 8F38D6AB1B75255C00429151 /* ic_notifications_48pt_2x.png */; };
		8F38D6B21B75255C00429151 /* ic_notifications_48pt_3x.png in Resources */ = {isa = PBXBuildFile; fileRef = 8F38D6AC1B75255C00429151 /* ic_notifications_48pt_3x.png */; };
		8F38D6B31B75255C00429151 /* ic_notifications_48pt.png in Resources */ = {isa = PBXBuildFile; fileRef = 8F38D6AD1B75255C00429151 /* ic_notifications_48pt.png */; };
		8F38D6B71B75264D00429151 /* ic_settings_48pt_2x.png in Resources */ = {isa = PBXBuildFile; fileRef = 8F38D6B41B75264D00429151 /* ic_settings_48pt_2x.png */; };
		8F38D6B81B75264D00429151 /* ic_settings_48pt_3x.png in Resources */ = {isa = PBXBuildFile; fileRef = 8F38D6B51B75264D00429151 /* ic_settings_48pt_3x.png */; };
		8F38D6B91B75264D00429151 /* ic_settings_48pt.png in Resources */ = {isa = PBXBuildFile; fileRef = 8F38D6B61B75264D00429151 /* ic_settings_48pt.png */; };
		8F38D6BD1B7526FA00429151 /* ic_account_circle_48pt_2x.png in Resources */ = {isa = PBXBuildFile; fileRef = 8F38D6BA1B7526FA00429151 /* ic_account_circle_48pt_2x.png */; };
		8F38D6BE1B7526FA00429151 /* ic_account_circle_48pt_3x.png in Resources */ = {isa = PBXBuildFile; fileRef = 8F38D6BB1B7526FA00429151 /* ic_account_circle_48pt_3x.png */; };
		8F38D6BF1B7526FA00429151 /* ic_account_circle_48pt.png in Resources */ = {isa = PBXBuildFile; fileRef = 8F38D6BC1B7526FA00429151 /* ic_account_circle_48pt.png */; };
		8F3BF6BF1B51650B00F56232 /* PostModel.swift in Sources */ = {isa = PBXBuildFile; fileRef = 8F3BF6BE1B51650B00F56232 /* PostModel.swift */; };
		8F4794431B6672E900A56906 /* groupme.png in Resources */ = {isa = PBXBuildFile; fileRef = 8F4794411B6672E900A56906 /* groupme.png */; };
		8F4794441B6672E900A56906 /* pocket.png in Resources */ = {isa = PBXBuildFile; fileRef = 8F4794421B6672E900A56906 /* pocket.png */; };
		8F5DD7681B5D4285005E2548 /* AppLauncherDataSource.swift in Sources */ = {isa = PBXBuildFile; fileRef = 8F5DD7671B5D4285005E2548 /* AppLauncherDataSource.swift */; };
		8F5DD76B1B5D4DE2005E2548 /* SearchesDataSource.swift in Sources */ = {isa = PBXBuildFile; fileRef = 8F5DD76A1B5D4DE2005E2548 /* SearchesDataSource.swift */; };
		8F5ED7551B96487A00F3E883 /* SignupViewController.swift in Sources */ = {isa = PBXBuildFile; fileRef = 8F5ED7541B96487A00F3E883 /* SignupViewController.swift */; };
		8F79A40B1B61305700270879 /* teoco.gpx in Resources */ = {isa = PBXBuildFile; fileRef = 8F79A40A1B61305700270879 /* teoco.gpx */; };
		8F79A40D1B613F7D00270879 /* spotify.png in Resources */ = {isa = PBXBuildFile; fileRef = 8F79A40C1B613F7D00270879 /* spotify.png */; };
		8F79A40F1B61400B00270879 /* googlemaps.png in Resources */ = {isa = PBXBuildFile; fileRef = 8F79A40E1B61400B00270879 /* googlemaps.png */; };
		8F79A4121B617EB300270879 /* foursquare.png in Resources */ = {isa = PBXBuildFile; fileRef = 8F79A4101B617EB300270879 /* foursquare.png */; };
		8F79A4131B617EB300270879 /* snapchat.png in Resources */ = {isa = PBXBuildFile; fileRef = 8F79A4111B617EB300270879 /* snapchat.png */; };
		8F7DCABD1B696E5900875D37 /* LawyersRd.gpx in Resources */ = {isa = PBXBuildFile; fileRef = 8F7DCABC1B696E5900875D37 /* LawyersRd.gpx */; };
		8F7DCAC01B696F2200875D37 /* RobbieHouse.gpx in Resources */ = {isa = PBXBuildFile; fileRef = 8F7DCABF1B696F2200875D37 /* RobbieHouse.gpx */; };
		8F80CC661B79261A009EE81B /* uiuc.gpx in Resources */ = {isa = PBXBuildFile; fileRef = 8F80CC651B79261A009EE81B /* uiuc.gpx */; };
		8F8D2A361B66B51800703C81 /* MapKit.framework in Frameworks */ = {isa = PBXBuildFile; fileRef = 8F8D2A351B66B51800703C81 /* MapKit.framework */; };
		8FB005AE1B53FC9300839705 /* DBManager.swift in Sources */ = {isa = PBXBuildFile; fileRef = 8FB005AD1B53FC9300839705 /* DBManager.swift */; };
		8FB005B01B53FCBC00839705 /* UserModel.swift in Sources */ = {isa = PBXBuildFile; fileRef = 8FB005AF1B53FCBC00839705 /* UserModel.swift */; };
		8FB005B61B543CBA00839705 /* SearchWebViewController.swift in Sources */ = {isa = PBXBuildFile; fileRef = 8FB005B51B543CBA00839705 /* SearchWebViewController.swift */; };
		8FC0D57A1B695CBF00D61136 /* fairfaxTowneCenter.gpx in Resources */ = {isa = PBXBuildFile; fileRef = 8FC0D5791B695CBF00D61136 /* fairfaxTowneCenter.gpx */; };
		8FC73F171B55517E008D3893 /* SettingsViewController.swift in Sources */ = {isa = PBXBuildFile; fileRef = 8FC73F161B55517E008D3893 /* SettingsViewController.swift */; };
		8FE3624F1B57F62A005302F7 /* QuadratTouch.framework in CopyFiles */ = {isa = PBXBuildFile; fileRef = 8FE3624B1B57F5F8005302F7 /* QuadratTouch.framework */; settings = {ATTRIBUTES = (CodeSignOnCopy, RemoveHeadersOnCopy, ); }; };
		8FEE5D1D1B7B923400B60703 /* addButton.png in Resources */ = {isa = PBXBuildFile; fileRef = 8FEE5D1C1B7B923400B60703 /* addButton.png */; };
		C040C3E7254D3EC869635E44 /* libPods-Beek.a in Frameworks */ = {isa = PBXBuildFile; fileRef = 002A5A47CB7BD54747A2F0D4 /* libPods-Beek.a */; };
/* End PBXBuildFile section */

/* Begin PBXContainerItemProxy section */
		8F009FFD1B4EBDF6005AA0F1 /* PBXContainerItemProxy */ = {
			isa = PBXContainerItemProxy;
			containerPortal = 8F009FDF1B4EBDF6005AA0F1 /* Project object */;
			proxyType = 1;
			remoteGlobalIDString = 8F009FE61B4EBDF6005AA0F1;
			remoteInfo = Beek;
		};
		8FE362481B57F5F8005302F7 /* PBXContainerItemProxy */ = {
			isa = PBXContainerItemProxy;
			containerPortal = 8FE362431B57F5F8005302F7 /* Quadrat.xcodeproj */;
			proxyType = 2;
			remoteGlobalIDString = 476B70891A0EBAE700AFAC33;
			remoteInfo = Quadrat;
		};
		8FE3624A1B57F5F8005302F7 /* PBXContainerItemProxy */ = {
			isa = PBXContainerItemProxy;
			containerPortal = 8FE362431B57F5F8005302F7 /* Quadrat.xcodeproj */;
			proxyType = 2;
			remoteGlobalIDString = 476B70DA1A0EBBA500AFAC33;
			remoteInfo = QuadratTouch;
		};
		8FE3624C1B57F603005302F7 /* PBXContainerItemProxy */ = {
			isa = PBXContainerItemProxy;
			containerPortal = 8FE362431B57F5F8005302F7 /* Quadrat.xcodeproj */;
			proxyType = 1;
			remoteGlobalIDString = 476B70D91A0EBBA500AFAC33;
			remoteInfo = QuadratTouch;
		};
/* End PBXContainerItemProxy section */

/* Begin PBXCopyFilesBuildPhase section */
		8FE3624E1B57F61C005302F7 /* CopyFiles */ = {
			isa = PBXCopyFilesBuildPhase;
			buildActionMask = 2147483647;
			dstPath = "";
			dstSubfolderSpec = 10;
			files = (
				8FE3624F1B57F62A005302F7 /* QuadratTouch.framework in CopyFiles */,
			);
			runOnlyForDeploymentPostprocessing = 0;
		};
/* End PBXCopyFilesBuildPhase section */

/* Begin PBXFileReference section */
		002A5A47CB7BD54747A2F0D4 /* libPods-Beek.a */ = {isa = PBXFileReference; explicitFileType = archive.ar; includeInIndex = 0; path = "libPods-Beek.a"; sourceTree = BUILT_PRODUCTS_DIR; };
		8F009FE71B4EBDF6005AA0F1 /* Beek.app */ = {isa = PBXFileReference; explicitFileType = wrapper.application; includeInIndex = 0; path = Beek.app; sourceTree = BUILT_PRODUCTS_DIR; };
		8F009FEB1B4EBDF6005AA0F1 /* Info.plist */ = {isa = PBXFileReference; lastKnownFileType = text.plist.xml; path = Info.plist; sourceTree = "<group>"; };
		8F009FEC1B4EBDF6005AA0F1 /* AppDelegate.swift */ = {isa = PBXFileReference; lastKnownFileType = sourcecode.swift; path = AppDelegate.swift; sourceTree = "<group>"; };
		8F009FEE1B4EBDF6005AA0F1 /* ViewController.swift */ = {isa = PBXFileReference; lastKnownFileType = sourcecode.swift; path = ViewController.swift; sourceTree = "<group>"; };
		8F009FF11B4EBDF6005AA0F1 /* Base */ = {isa = PBXFileReference; lastKnownFileType = file.storyboard; name = Base; path = Base.lproj/Main.storyboard; sourceTree = "<group>"; };
		8F009FF31B4EBDF6005AA0F1 /* Images.xcassets */ = {isa = PBXFileReference; lastKnownFileType = folder.assetcatalog; path = Images.xcassets; sourceTree = "<group>"; };
		8F009FF61B4EBDF6005AA0F1 /* Base */ = {isa = PBXFileReference; lastKnownFileType = file.xib; name = Base; path = Base.lproj/LaunchScreen.xib; sourceTree = "<group>"; };
		8F009FFC1B4EBDF6005AA0F1 /* BeekTests.xctest */ = {isa = PBXFileReference; explicitFileType = wrapper.cfbundle; includeInIndex = 0; path = BeekTests.xctest; sourceTree = BUILT_PRODUCTS_DIR; };
		8F00A0011B4EBDF6005AA0F1 /* Info.plist */ = {isa = PBXFileReference; lastKnownFileType = text.plist.xml; path = Info.plist; sourceTree = "<group>"; };
		8F00A0021B4EBDF6005AA0F1 /* BeekTests.swift */ = {isa = PBXFileReference; lastKnownFileType = sourcecode.swift; path = BeekTests.swift; sourceTree = "<group>"; };
		8F00A00C1B4EBE27005AA0F1 /* AudioToolbox.framework */ = {isa = PBXFileReference; lastKnownFileType = wrapper.framework; name = AudioToolbox.framework; path = System/Library/Frameworks/AudioToolbox.framework; sourceTree = SDKROOT; };
		8F00A00D1B4EBE27005AA0F1 /* CFNetwork.framework */ = {isa = PBXFileReference; lastKnownFileType = wrapper.framework; name = CFNetwork.framework; path = System/Library/Frameworks/CFNetwork.framework; sourceTree = SDKROOT; };
		8F00A00E1B4EBE27005AA0F1 /* CoreLocation.framework */ = {isa = PBXFileReference; lastKnownFileType = wrapper.framework; name = CoreLocation.framework; path = System/Library/Frameworks/CoreLocation.framework; sourceTree = SDKROOT; };
		8F00A00F1B4EBE27005AA0F1 /* libsqlite3.dylib */ = {isa = PBXFileReference; lastKnownFileType = "compiled.mach-o.dylib"; name = libsqlite3.dylib; path = usr/lib/libsqlite3.dylib; sourceTree = SDKROOT; };
		8F00A0151B4EBE6E005AA0F1 /* SystemConfiguration.framework */ = {isa = PBXFileReference; lastKnownFileType = wrapper.framework; name = SystemConfiguration.framework; path = System/Library/Frameworks/SystemConfiguration.framework; sourceTree = SDKROOT; };
		8F00A0161B4EBE6E005AA0F1 /* libz.dylib */ = {isa = PBXFileReference; lastKnownFileType = "compiled.mach-o.dylib"; name = libz.dylib; path = usr/lib/libz.dylib; sourceTree = SDKROOT; };
		8F00A0171B4EBE6E005AA0F1 /* StoreKit.framework */ = {isa = PBXFileReference; lastKnownFileType = wrapper.framework; name = StoreKit.framework; path = System/Library/Frameworks/StoreKit.framework; sourceTree = SDKROOT; };
		8F00A0181B4EBE6E005AA0F1 /* Security.framework */ = {isa = PBXFileReference; lastKnownFileType = wrapper.framework; name = Security.framework; path = System/Library/Frameworks/Security.framework; sourceTree = SDKROOT; };
		8F00A0191B4EBE6E005AA0F1 /* QuartzCore.framework */ = {isa = PBXFileReference; lastKnownFileType = wrapper.framework; name = QuartzCore.framework; path = System/Library/Frameworks/QuartzCore.framework; sourceTree = SDKROOT; };
		8F00A01A1B4EBE6E005AA0F1 /* MobileCoreServices.framework */ = {isa = PBXFileReference; lastKnownFileType = wrapper.framework; name = MobileCoreServices.framework; path = System/Library/Frameworks/MobileCoreServices.framework; sourceTree = SDKROOT; };
		8F00A01B1B4EBE6E005AA0F1 /* CoreGraphics.framework */ = {isa = PBXFileReference; lastKnownFileType = wrapper.framework; name = CoreGraphics.framework; path = System/Library/Frameworks/CoreGraphics.framework; sourceTree = SDKROOT; };
		8F00A0311B4EE0DB005AA0F1 /* CreatePostViewController.swift */ = {isa = PBXFileReference; fileEncoding = 4; lastKnownFileType = sourcecode.swift; path = CreatePostViewController.swift; sourceTree = "<group>"; };
		8F00A0351B4EE49C005AA0F1 /* DetailViewController.swift */ = {isa = PBXFileReference; fileEncoding = 4; lastKnownFileType = sourcecode.swift; path = DetailViewController.swift; sourceTree = "<group>"; };
		8F00A03E1B4F56F6005AA0F1 /* LoginViewController.swift */ = {isa = PBXFileReference; fileEncoding = 4; lastKnownFileType = sourcecode.swift; path = LoginViewController.swift; sourceTree = "<group>"; };
		8F00A0411B500A9A005AA0F1 /* FeedbackViewController.swift */ = {isa = PBXFileReference; fileEncoding = 4; lastKnownFileType = sourcecode.swift; path = FeedbackViewController.swift; sourceTree = "<group>"; };
		8F00A0471B501849005AA0F1 /* ParseCrashReporting.framework */ = {isa = PBXFileReference; lastKnownFileType = wrapper.framework; name = ParseCrashReporting.framework; path = Frameworks/ParseCrashReporting.framework; sourceTree = "<group>"; };
		8F00A0481B501849005AA0F1 /* ParseFacebookUtils.framework */ = {isa = PBXFileReference; lastKnownFileType = wrapper.framework; name = ParseFacebookUtils.framework; path = Frameworks/ParseFacebookUtils.framework; sourceTree = "<group>"; };
		8F00A0491B501849005AA0F1 /* ParseFacebookUtilsV4.framework */ = {isa = PBXFileReference; lastKnownFileType = wrapper.framework; name = ParseFacebookUtilsV4.framework; path = Frameworks/ParseFacebookUtilsV4.framework; sourceTree = "<group>"; };
		8F00A04A1B501849005AA0F1 /* ParseUI.framework */ = {isa = PBXFileReference; lastKnownFileType = wrapper.framework; name = ParseUI.framework; path = Frameworks/ParseUI.framework; sourceTree = "<group>"; };
		8F00A0551B501C7A005AA0F1 /* ProfileViewController.swift */ = {isa = PBXFileReference; fileEncoding = 4; lastKnownFileType = sourcecode.swift; path = ProfileViewController.swift; sourceTree = "<group>"; };
		8F00A05B1B504F5D005AA0F1 /* MyPostsViewController.swift */ = {isa = PBXFileReference; fileEncoding = 4; lastKnownFileType = sourcecode.swift; path = MyPostsViewController.swift; sourceTree = "<group>"; };
		8F00A0651B505B51005AA0F1 /* FoursquareDataSource.swift */ = {isa = PBXFileReference; fileEncoding = 4; lastKnownFileType = sourcecode.swift; path = FoursquareDataSource.swift; sourceTree = "<group>"; };
		8F10208B1B66B90A005C6F0F /* Social.framework */ = {isa = PBXFileReference; lastKnownFileType = wrapper.framework; name = Social.framework; path = System/Library/Frameworks/Social.framework; sourceTree = SDKROOT; };
		8F10208E1B66B90F005C6F0F /* Accounts.framework */ = {isa = PBXFileReference; lastKnownFileType = wrapper.framework; name = Accounts.framework; path = System/Library/Frameworks/Accounts.framework; sourceTree = SDKROOT; };
		8F1020901B66BFED005C6F0F /* Accelerate.framework */ = {isa = PBXFileReference; lastKnownFileType = wrapper.framework; name = Accelerate.framework; path = System/Library/Frameworks/Accelerate.framework; sourceTree = SDKROOT; };
		8F1020921B66C00F005C6F0F /* CoreMotion.framework */ = {isa = PBXFileReference; lastKnownFileType = wrapper.framework; name = CoreMotion.framework; path = System/Library/Frameworks/CoreMotion.framework; sourceTree = SDKROOT; };
		8F1020941B66D261005C6F0F /* ContextDataSource.swift */ = {isa = PBXFileReference; fileEncoding = 4; lastKnownFileType = sourcecode.swift; path = ContextDataSource.swift; sourceTree = "<group>"; };
		8F10209A1B67CFAB005C6F0F /* ParseFacebookUtilsV4.framework */ = {isa = PBXFileReference; lastKnownFileType = wrapper.framework; name = ParseFacebookUtilsV4.framework; path = Beek/Frameworks/ParseFacebookUtilsV4.framework; sourceTree = "<group>"; };
		8F1020AC1B67D25F005C6F0F /* libstdc++.6.dylib */ = {isa = PBXFileReference; lastKnownFileType = "compiled.mach-o.dylib"; name = "libstdc++.6.dylib"; path = "usr/lib/libstdc++.6.dylib"; sourceTree = SDKROOT; };
		8F1020B61B67D97F005C6F0F /* ContextManager.swift */ = {isa = PBXFileReference; fileEncoding = 4; lastKnownFileType = sourcecode.swift; path = ContextManager.swift; sourceTree = "<group>"; };
		8F277DB01B7A74640070A80A /* SigmaNu.gpx */ = {isa = PBXFileReference; lastKnownFileType = text.xml; path = SigmaNu.gpx; sourceTree = "<group>"; };
		8F2951681B6A7EA500B3F26C /* SwiftyJSON.swift */ = {isa = PBXFileReference; fileEncoding = 4; lastKnownFileType = sourcecode.swift; path = SwiftyJSON.swift; sourceTree = "<group>"; };
		8F29516A1B6AB1CB00B3F26C /* PlacePickerDataSource.swift */ = {isa = PBXFileReference; fileEncoding = 4; lastKnownFileType = sourcecode.swift; path = PlacePickerDataSource.swift; sourceTree = "<group>"; };
		8F29516E1B6BCD6400B3F26C /* TimePickerDataSource.swift */ = {isa = PBXFileReference; fileEncoding = 4; lastKnownFileType = sourcecode.swift; path = TimePickerDataSource.swift; sourceTree = "<group>"; };
		8F30C7D81B60244D009B7C5D /* Apps.plist */ = {isa = PBXFileReference; fileEncoding = 4; lastKnownFileType = text.plist.xml; path = Apps.plist; sourceTree = "<group>"; };
		8F30C7E71B6038A6009B7C5D /* balloon.jpg */ = {isa = PBXFileReference; lastKnownFileType = image.jpeg; name = balloon.jpg; path = Assets/balloon.jpg; sourceTree = "<group>"; };
		8F30C7E81B6038A6009B7C5D /* beek_circl.png */ = {isa = PBXFileReference; lastKnownFileType = image.png; name = beek_circl.png; path = Assets/beek_circl.png; sourceTree = "<group>"; };
		8F30C7E91B6038A6009B7C5D /* logo_white.png */ = {isa = PBXFileReference; lastKnownFileType = image.png; name = logo_white.png; path = Assets/logo_white.png; sourceTree = "<group>"; };
		8F30C7EA1B6038A6009B7C5D /* postbutton.jpg */ = {isa = PBXFileReference; lastKnownFileType = image.jpeg; name = postbutton.jpg; path = Assets/postbutton.jpg; sourceTree = "<group>"; };
		8F30C7EB1B6038A6009B7C5D /* poweredByFoursquare.png */ = {isa = PBXFileReference; lastKnownFileType = image.png; name = poweredByFoursquare.png; path = Assets/poweredByFoursquare.png; sourceTree = "<group>"; };
		8F30C7EC1B6038A6009B7C5D /* profile_icon.png */ = {isa = PBXFileReference; lastKnownFileType = image.png; name = profile_icon.png; path = Assets/profile_icon.png; sourceTree = "<group>"; };
		8F30C7F41B6038B0009B7C5D /* facebook.png */ = {isa = PBXFileReference; lastKnownFileType = image.png; name = facebook.png; path = Assets/icons/facebook.png; sourceTree = "<group>"; };
		8F30C7F51B6038B0009B7C5D /* instagram.png */ = {isa = PBXFileReference; lastKnownFileType = image.png; name = instagram.png; path = Assets/icons/instagram.png; sourceTree = "<group>"; };
		8F30C7F61B6038B0009B7C5D /* twitter.png */ = {isa = PBXFileReference; lastKnownFileType = image.png; name = twitter.png; path = Assets/icons/twitter.png; sourceTree = "<group>"; };
		8F38D6A31B7523EE00429151 /* profile_icon@2x.png */ = {isa = PBXFileReference; lastKnownFileType = image.png; name = "profile_icon@2x.png"; path = "Assets/profile_icon@2x.png"; sourceTree = "<group>"; };
		8F38D6A41B7523EE00429151 /* profile_icon@3x.png */ = {isa = PBXFileReference; lastKnownFileType = image.png; name = "profile_icon@3x.png"; path = "Assets/profile_icon@3x.png"; sourceTree = "<group>"; };
		8F38D6A81B75255C00429151 /* ic_exit_to_app_48pt_2x.png */ = {isa = PBXFileReference; lastKnownFileType = image.png; name = ic_exit_to_app_48pt_2x.png; path = Assets/ic_exit_to_app_48pt_2x.png; sourceTree = "<group>"; };
		8F38D6A91B75255C00429151 /* ic_exit_to_app_48pt_3x.png */ = {isa = PBXFileReference; lastKnownFileType = image.png; name = ic_exit_to_app_48pt_3x.png; path = Assets/ic_exit_to_app_48pt_3x.png; sourceTree = "<group>"; };
		8F38D6AA1B75255C00429151 /* ic_exit_to_app_48pt.png */ = {isa = PBXFileReference; lastKnownFileType = image.png; name = ic_exit_to_app_48pt.png; path = Assets/ic_exit_to_app_48pt.png; sourceTree = "<group>"; };
		8F38D6AB1B75255C00429151 /* ic_notifications_48pt_2x.png */ = {isa = PBXFileReference; lastKnownFileType = image.png; name = ic_notifications_48pt_2x.png; path = Assets/ic_notifications_48pt_2x.png; sourceTree = "<group>"; };
		8F38D6AC1B75255C00429151 /* ic_notifications_48pt_3x.png */ = {isa = PBXFileReference; lastKnownFileType = image.png; name = ic_notifications_48pt_3x.png; path = Assets/ic_notifications_48pt_3x.png; sourceTree = "<group>"; };
		8F38D6AD1B75255C00429151 /* ic_notifications_48pt.png */ = {isa = PBXFileReference; lastKnownFileType = image.png; name = ic_notifications_48pt.png; path = Assets/ic_notifications_48pt.png; sourceTree = "<group>"; };
		8F38D6B41B75264D00429151 /* ic_settings_48pt_2x.png */ = {isa = PBXFileReference; lastKnownFileType = image.png; name = ic_settings_48pt_2x.png; path = Assets/ic_settings_48pt_2x.png; sourceTree = "<group>"; };
		8F38D6B51B75264D00429151 /* ic_settings_48pt_3x.png */ = {isa = PBXFileReference; lastKnownFileType = image.png; name = ic_settings_48pt_3x.png; path = Assets/ic_settings_48pt_3x.png; sourceTree = "<group>"; };
		8F38D6B61B75264D00429151 /* ic_settings_48pt.png */ = {isa = PBXFileReference; lastKnownFileType = image.png; name = ic_settings_48pt.png; path = Assets/ic_settings_48pt.png; sourceTree = "<group>"; };
		8F38D6BA1B7526FA00429151 /* ic_account_circle_48pt_2x.png */ = {isa = PBXFileReference; lastKnownFileType = image.png; name = ic_account_circle_48pt_2x.png; path = Assets/ic_account_circle_48pt_2x.png; sourceTree = "<group>"; };
		8F38D6BB1B7526FA00429151 /* ic_account_circle_48pt_3x.png */ = {isa = PBXFileReference; lastKnownFileType = image.png; name = ic_account_circle_48pt_3x.png; path = Assets/ic_account_circle_48pt_3x.png; sourceTree = "<group>"; };
		8F38D6BC1B7526FA00429151 /* ic_account_circle_48pt.png */ = {isa = PBXFileReference; lastKnownFileType = image.png; name = ic_account_circle_48pt.png; path = Assets/ic_account_circle_48pt.png; sourceTree = "<group>"; };
		8F3BF6BE1B51650B00F56232 /* PostModel.swift */ = {isa = PBXFileReference; fileEncoding = 4; lastKnownFileType = sourcecode.swift; path = PostModel.swift; sourceTree = "<group>"; };
		8F4794411B6672E900A56906 /* groupme.png */ = {isa = PBXFileReference; lastKnownFileType = image.png; name = groupme.png; path = Assets/icons/groupme.png; sourceTree = "<group>"; };
		8F4794421B6672E900A56906 /* pocket.png */ = {isa = PBXFileReference; lastKnownFileType = image.png; name = pocket.png; path = Assets/icons/pocket.png; sourceTree = "<group>"; };
		8F5DD7671B5D4285005E2548 /* AppLauncherDataSource.swift */ = {isa = PBXFileReference; fileEncoding = 4; lastKnownFileType = sourcecode.swift; path = AppLauncherDataSource.swift; sourceTree = "<group>"; };
		8F5DD76A1B5D4DE2005E2548 /* SearchesDataSource.swift */ = {isa = PBXFileReference; fileEncoding = 4; lastKnownFileType = sourcecode.swift; path = SearchesDataSource.swift; sourceTree = "<group>"; };
		8F5ED7541B96487A00F3E883 /* SignupViewController.swift */ = {isa = PBXFileReference; fileEncoding = 4; lastKnownFileType = sourcecode.swift; path = SignupViewController.swift; sourceTree = "<group>"; };
		8F79A40A1B61305700270879 /* teoco.gpx */ = {isa = PBXFileReference; fileEncoding = 4; lastKnownFileType = text.xml; path = teoco.gpx; sourceTree = "<group>"; };
		8F79A40C1B613F7D00270879 /* spotify.png */ = {isa = PBXFileReference; lastKnownFileType = image.png; name = spotify.png; path = Assets/icons/spotify.png; sourceTree = "<group>"; };
		8F79A40E1B61400B00270879 /* googlemaps.png */ = {isa = PBXFileReference; lastKnownFileType = image.png; name = googlemaps.png; path = Assets/icons/googlemaps.png; sourceTree = "<group>"; };
		8F79A4101B617EB300270879 /* foursquare.png */ = {isa = PBXFileReference; lastKnownFileType = image.png; name = foursquare.png; path = Assets/icons/foursquare.png; sourceTree = "<group>"; };
		8F79A4111B617EB300270879 /* snapchat.png */ = {isa = PBXFileReference; lastKnownFileType = image.png; name = snapchat.png; path = Assets/icons/snapchat.png; sourceTree = "<group>"; };
		8F7DCABC1B696E5900875D37 /* LawyersRd.gpx */ = {isa = PBXFileReference; fileEncoding = 4; lastKnownFileType = text.xml; name = LawyersRd.gpx; path = ../../../Downloads/LawyersRd.gpx; sourceTree = "<group>"; };
		8F7DCABF1B696F2200875D37 /* RobbieHouse.gpx */ = {isa = PBXFileReference; fileEncoding = 4; lastKnownFileType = text.xml; name = RobbieHouse.gpx; path = ../../../Downloads/RobbieHouse.gpx; sourceTree = "<group>"; };
		8F80CC651B79261A009EE81B /* uiuc.gpx */ = {isa = PBXFileReference; fileEncoding = 4; lastKnownFileType = text.xml; path = uiuc.gpx; sourceTree = "<group>"; };
		8F8D2A351B66B51800703C81 /* MapKit.framework */ = {isa = PBXFileReference; lastKnownFileType = wrapper.framework; name = MapKit.framework; path = System/Library/Frameworks/MapKit.framework; sourceTree = SDKROOT; };
		8F8D2A381B66B57700703C81 /* Beek-Bridging-Header.h */ = {isa = PBXFileReference; lastKnownFileType = sourcecode.c.h; path = "Beek-Bridging-Header.h"; sourceTree = "<group>"; };
		8FB005AD1B53FC9300839705 /* DBManager.swift */ = {isa = PBXFileReference; fileEncoding = 4; lastKnownFileType = sourcecode.swift; path = DBManager.swift; sourceTree = "<group>"; };
		8FB005AF1B53FCBC00839705 /* UserModel.swift */ = {isa = PBXFileReference; fileEncoding = 4; lastKnownFileType = sourcecode.swift; path = UserModel.swift; sourceTree = "<group>"; };
		8FB005B51B543CBA00839705 /* SearchWebViewController.swift */ = {isa = PBXFileReference; fileEncoding = 4; lastKnownFileType = sourcecode.swift; path = SearchWebViewController.swift; sourceTree = "<group>"; };
		8FC0D5791B695CBF00D61136 /* fairfaxTowneCenter.gpx */ = {isa = PBXFileReference; fileEncoding = 4; lastKnownFileType = text.xml; name = fairfaxTowneCenter.gpx; path = ../../../Downloads/fairfaxTowneCenter.gpx; sourceTree = "<group>"; };
		8FC73F161B55517E008D3893 /* SettingsViewController.swift */ = {isa = PBXFileReference; fileEncoding = 4; lastKnownFileType = sourcecode.swift; path = SettingsViewController.swift; sourceTree = "<group>"; };
		8FE362431B57F5F8005302F7 /* Quadrat.xcodeproj */ = {isa = PBXFileReference; lastKnownFileType = "wrapper.pb-project"; name = Quadrat.xcodeproj; path = "../../beek_old/Beek/das-quadrat/Source/Quadrat.xcodeproj"; sourceTree = "<group>"; };
		8FEE5D1C1B7B923400B60703 /* addButton.png */ = {isa = PBXFileReference; lastKnownFileType = image.png; name = addButton.png; path = Assets/addButton.png; sourceTree = "<group>"; };
		DFF11983F002CEE3AE7DD08A /* Pods-Beek.release.xcconfig */ = {isa = PBXFileReference; includeInIndex = 1; lastKnownFileType = text.xcconfig; name = "Pods-Beek.release.xcconfig"; path = "Pods/Target Support Files/Pods-Beek/Pods-Beek.release.xcconfig"; sourceTree = "<group>"; };
		F455F99DE27AEB9F03BD008E /* Pods-Beek.debug.xcconfig */ = {isa = PBXFileReference; includeInIndex = 1; lastKnownFileType = text.xcconfig; name = "Pods-Beek.debug.xcconfig"; path = "Pods/Target Support Files/Pods-Beek/Pods-Beek.debug.xcconfig"; sourceTree = "<group>"; };
/* End PBXFileReference section */

/* Begin PBXFrameworksBuildPhase section */
		8F009FE41B4EBDF6005AA0F1 /* Frameworks */ = {
			isa = PBXFrameworksBuildPhase;
			buildActionMask = 2147483647;
			files = (
				8F1020AD1B67D25F005C6F0F /* libstdc++.6.dylib in Frameworks */,
				8F10209B1B67CFAB005C6F0F /* ParseFacebookUtilsV4.framework in Frameworks */,
				8F1020931B66C00F005C6F0F /* CoreMotion.framework in Frameworks */,
				8F10208F1B66B90F005C6F0F /* Accounts.framework in Frameworks */,
				8F10208C1B66B90A005C6F0F /* Social.framework in Frameworks */,
				8F8D2A361B66B51800703C81 /* MapKit.framework in Frameworks */,
				8F00A0101B4EBE27005AA0F1 /* AudioToolbox.framework in Frameworks */,
				8F00A01C1B4EBE6E005AA0F1 /* SystemConfiguration.framework in Frameworks */,
				8F00A0211B4EBE6E005AA0F1 /* MobileCoreServices.framework in Frameworks */,
				8F00A0111B4EBE27005AA0F1 /* CFNetwork.framework in Frameworks */,
				8F00A0121B4EBE27005AA0F1 /* CoreLocation.framework in Frameworks */,
				8F00A0501B501849005AA0F1 /* ParseUI.framework in Frameworks */,
				8F00A0131B4EBE27005AA0F1 /* libsqlite3.dylib in Frameworks */,
				8F00A01F1B4EBE6E005AA0F1 /* Security.framework in Frameworks */,
				8F00A01D1B4EBE6E005AA0F1 /* libz.dylib in Frameworks */,
				8F00A0221B4EBE6E005AA0F1 /* CoreGraphics.framework in Frameworks */,
				8F00A0201B4EBE6E005AA0F1 /* QuartzCore.framework in Frameworks */,
				8F00A04D1B501849005AA0F1 /* ParseCrashReporting.framework in Frameworks */,
				C040C3E7254D3EC869635E44 /* libPods-Beek.a in Frameworks */,
			);
			runOnlyForDeploymentPostprocessing = 0;
		};
		8F009FF91B4EBDF6005AA0F1 /* Frameworks */ = {
			isa = PBXFrameworksBuildPhase;
			buildActionMask = 2147483647;
			files = (
			);
			runOnlyForDeploymentPostprocessing = 0;
		};
/* End PBXFrameworksBuildPhase section */

/* Begin PBXGroup section */
		2505985B8805E997BADA80B1 /* Pods */ = {
			isa = PBXGroup;
			children = (
				F455F99DE27AEB9F03BD008E /* Pods-Beek.debug.xcconfig */,
				DFF11983F002CEE3AE7DD08A /* Pods-Beek.release.xcconfig */,
			);
			name = Pods;
			sourceTree = "<group>";
		};
		8F009FDE1B4EBDF6005AA0F1 = {
			isa = PBXGroup;
			children = (
				8F009FE91B4EBDF6005AA0F1 /* Beek */,
				8F009FFF1B4EBDF6005AA0F1 /* BeekTests */,
				8F009FE81B4EBDF6005AA0F1 /* Products */,
				2505985B8805E997BADA80B1 /* Pods */,
				E4FD1F63337B5B0D6F2C94FB /* Frameworks */,
			);
			sourceTree = "<group>";
		};
		8F009FE81B4EBDF6005AA0F1 /* Products */ = {
			isa = PBXGroup;
			children = (
				8F009FE71B4EBDF6005AA0F1 /* Beek.app */,
				8F009FFC1B4EBDF6005AA0F1 /* BeekTests.xctest */,
			);
			name = Products;
			sourceTree = "<group>";
		};
		8F009FE91B4EBDF6005AA0F1 /* Beek */ = {
			isa = PBXGroup;
			children = (
				8F009FF01B4EBDF6005AA0F1 /* Main.storyboard */,
				8F009FEC1B4EBDF6005AA0F1 /* AppDelegate.swift */,
				8F1020B61B67D97F005C6F0F /* ContextManager.swift */,
				8F30C7D81B60244D009B7C5D /* Apps.plist */,
				8FAC5B391B5D5130007C925A /* Data Sources */,
				8FB005B51B543CBA00839705 /* SearchWebViewController.swift */,
				8F00A05B1B504F5D005AA0F1 /* MyPostsViewController.swift */,
				8F00A0411B500A9A005AA0F1 /* FeedbackViewController.swift */,
				8F009FEE1B4EBDF6005AA0F1 /* ViewController.swift */,
				8F00A0551B501C7A005AA0F1 /* ProfileViewController.swift */,
				8F3BF6BE1B51650B00F56232 /* PostModel.swift */,
				8F00A0351B4EE49C005AA0F1 /* DetailViewController.swift */,
				8F00A03E1B4F56F6005AA0F1 /* LoginViewController.swift */,
				8F5ED7541B96487A00F3E883 /* SignupViewController.swift */,
				8FC73F161B55517E008D3893 /* SettingsViewController.swift */,
				8F00A0311B4EE0DB005AA0F1 /* CreatePostViewController.swift */,
				8FB005AD1B53FC9300839705 /* DBManager.swift */,
				8FB005AF1B53FCBC00839705 /* UserModel.swift */,
				8F009FF31B4EBDF6005AA0F1 /* Images.xcassets */,
				8F009FF51B4EBDF6005AA0F1 /* LaunchScreen.xib */,
				8FE3622E1B57F298005302F7 /* Assets */,
				8F009FEA1B4EBDF6005AA0F1 /* Supporting Files */,
			);
			path = Beek;
			sourceTree = "<group>";
		};
		8F009FEA1B4EBDF6005AA0F1 /* Supporting Files */ = {
			isa = PBXGroup;
			children = (
				8F2951681B6A7EA500B3F26C /* SwiftyJSON.swift */,
				8F80CC651B79261A009EE81B /* uiuc.gpx */,
				8F277DB01B7A74640070A80A /* SigmaNu.gpx */,
				8FC0D5791B695CBF00D61136 /* fairfaxTowneCenter.gpx */,
				8F79A40A1B61305700270879 /* teoco.gpx */,
				8F7DCABF1B696F2200875D37 /* RobbieHouse.gpx */,
				8F7DCABC1B696E5900875D37 /* LawyersRd.gpx */,
				8FE362431B57F5F8005302F7 /* Quadrat.xcodeproj */,
				8F00A0471B501849005AA0F1 /* ParseCrashReporting.framework */,
				8F00A0481B501849005AA0F1 /* ParseFacebookUtils.framework */,
				8F00A0491B501849005AA0F1 /* ParseFacebookUtilsV4.framework */,
				8F00A04A1B501849005AA0F1 /* ParseUI.framework */,
				8F00A0151B4EBE6E005AA0F1 /* SystemConfiguration.framework */,
				8F00A0161B4EBE6E005AA0F1 /* libz.dylib */,
				8F00A0171B4EBE6E005AA0F1 /* StoreKit.framework */,
				8F00A0181B4EBE6E005AA0F1 /* Security.framework */,
				8F00A0191B4EBE6E005AA0F1 /* QuartzCore.framework */,
				8F00A01A1B4EBE6E005AA0F1 /* MobileCoreServices.framework */,
				8F00A01B1B4EBE6E005AA0F1 /* CoreGraphics.framework */,
				8F00A00C1B4EBE27005AA0F1 /* AudioToolbox.framework */,
				8F00A00D1B4EBE27005AA0F1 /* CFNetwork.framework */,
				8F00A00E1B4EBE27005AA0F1 /* CoreLocation.framework */,
				8F00A00F1B4EBE27005AA0F1 /* libsqlite3.dylib */,
				8F009FEB1B4EBDF6005AA0F1 /* Info.plist */,
				8F8D2A381B66B57700703C81 /* Beek-Bridging-Header.h */,
			);
			name = "Supporting Files";
			sourceTree = "<group>";
		};
		8F009FFF1B4EBDF6005AA0F1 /* BeekTests */ = {
			isa = PBXGroup;
			children = (
				8F00A0021B4EBDF6005AA0F1 /* BeekTests.swift */,
				8F00A0001B4EBDF6005AA0F1 /* Supporting Files */,
			);
			path = BeekTests;
			sourceTree = "<group>";
		};
		8F00A0001B4EBDF6005AA0F1 /* Supporting Files */ = {
			isa = PBXGroup;
			children = (
				8F00A0011B4EBDF6005AA0F1 /* Info.plist */,
			);
			name = "Supporting Files";
			sourceTree = "<group>";
		};
		8F30C7DF1B603857009B7C5D /* icons */ = {
			isa = PBXGroup;
			children = (
				8F4794411B6672E900A56906 /* groupme.png */,
				8F4794421B6672E900A56906 /* pocket.png */,
				8F79A4101B617EB300270879 /* foursquare.png */,
				8F79A4111B617EB300270879 /* snapchat.png */,
				8F79A40E1B61400B00270879 /* googlemaps.png */,
				8F79A40C1B613F7D00270879 /* spotify.png */,
				8F30C7F41B6038B0009B7C5D /* facebook.png */,
				8F30C7F51B6038B0009B7C5D /* instagram.png */,
				8F30C7F61B6038B0009B7C5D /* twitter.png */,
			);
			name = icons;
			sourceTree = "<group>";
		};
		8FAC5B391B5D5130007C925A /* Data Sources */ = {
			isa = PBXGroup;
			children = (
				8F5DD7671B5D4285005E2548 /* AppLauncherDataSource.swift */,
				8F00A0651B505B51005AA0F1 /* FoursquareDataSource.swift */,
				8F5DD76A1B5D4DE2005E2548 /* SearchesDataSource.swift */,
				8F1020941B66D261005C6F0F /* ContextDataSource.swift */,
				8F29516A1B6AB1CB00B3F26C /* PlacePickerDataSource.swift */,
				8F29516E1B6BCD6400B3F26C /* TimePickerDataSource.swift */,
			);
			name = "Data Sources";
			sourceTree = "<group>";
		};
		8FE3622E1B57F298005302F7 /* Assets */ = {
			isa = PBXGroup;
			children = (
				8FEE5D1C1B7B923400B60703 /* addButton.png */,
				8F38D6BA1B7526FA00429151 /* ic_account_circle_48pt_2x.png */,
				8F38D6BB1B7526FA00429151 /* ic_account_circle_48pt_3x.png */,
				8F38D6BC1B7526FA00429151 /* ic_account_circle_48pt.png */,
				8F38D6B41B75264D00429151 /* ic_settings_48pt_2x.png */,
				8F38D6B51B75264D00429151 /* ic_settings_48pt_3x.png */,
				8F38D6B61B75264D00429151 /* ic_settings_48pt.png */,
				8F38D6A81B75255C00429151 /* ic_exit_to_app_48pt_2x.png */,
				8F38D6A91B75255C00429151 /* ic_exit_to_app_48pt_3x.png */,
				8F38D6AA1B75255C00429151 /* ic_exit_to_app_48pt.png */,
				8F38D6AB1B75255C00429151 /* ic_notifications_48pt_2x.png */,
				8F38D6AC1B75255C00429151 /* ic_notifications_48pt_3x.png */,
				8F38D6AD1B75255C00429151 /* ic_notifications_48pt.png */,
				8F30C7E71B6038A6009B7C5D /* balloon.jpg */,
				8F30C7E81B6038A6009B7C5D /* beek_circl.png */,
				8F30C7E91B6038A6009B7C5D /* logo_white.png */,
				8F30C7EA1B6038A6009B7C5D /* postbutton.jpg */,
				8F30C7EB1B6038A6009B7C5D /* poweredByFoursquare.png */,
				8F30C7EC1B6038A6009B7C5D /* profile_icon.png */,
				8F38D6A31B7523EE00429151 /* profile_icon@2x.png */,
				8F38D6A41B7523EE00429151 /* profile_icon@3x.png */,
				8F30C7DF1B603857009B7C5D /* icons */,
			);
			name = Assets;
			sourceTree = "<group>";
		};
		8FE362441B57F5F8005302F7 /* Products */ = {
			isa = PBXGroup;
			children = (
				8FE362491B57F5F8005302F7 /* Quadrat.framework */,
				8FE3624B1B57F5F8005302F7 /* QuadratTouch.framework */,
			);
			name = Products;
			sourceTree = "<group>";
		};
		E4FD1F63337B5B0D6F2C94FB /* Frameworks */ = {
			isa = PBXGroup;
			children = (
				8F1020AC1B67D25F005C6F0F /* libstdc++.6.dylib */,
				8F10209A1B67CFAB005C6F0F /* ParseFacebookUtilsV4.framework */,
				8F1020921B66C00F005C6F0F /* CoreMotion.framework */,
				8F1020901B66BFED005C6F0F /* Accelerate.framework */,
				8F10208E1B66B90F005C6F0F /* Accounts.framework */,
				8F10208B1B66B90A005C6F0F /* Social.framework */,
				8F8D2A351B66B51800703C81 /* MapKit.framework */,
				002A5A47CB7BD54747A2F0D4 /* libPods-Beek.a */,
			);
			name = Frameworks;
			sourceTree = "<group>";
		};
/* End PBXGroup section */

/* Begin PBXNativeTarget section */
		8F009FE61B4EBDF6005AA0F1 /* Beek */ = {
			isa = PBXNativeTarget;
			buildConfigurationList = 8F00A0061B4EBDF6005AA0F1 /* Build configuration list for PBXNativeTarget "Beek" */;
			buildPhases = (
				51107619CE7ED4C629773AFC /* Check Pods Manifest.lock */,
				8F009FE31B4EBDF6005AA0F1 /* Sources */,
				8F009FE41B4EBDF6005AA0F1 /* Frameworks */,
				8F009FE51B4EBDF6005AA0F1 /* Resources */,
				8FE3624E1B57F61C005302F7 /* CopyFiles */,
				D86AEABACF55FF0AB3B55D3C /* Copy Pods Resources */,
			);
			buildRules = (
			);
			dependencies = (
				8FE3624D1B57F603005302F7 /* PBXTargetDependency */,
			);
			name = Beek;
			productName = Beek;
			productReference = 8F009FE71B4EBDF6005AA0F1 /* Beek.app */;
			productType = "com.apple.product-type.application";
		};
		8F009FFB1B4EBDF6005AA0F1 /* BeekTests */ = {
			isa = PBXNativeTarget;
			buildConfigurationList = 8F00A0091B4EBDF6005AA0F1 /* Build configuration list for PBXNativeTarget "BeekTests" */;
			buildPhases = (
				8F009FF81B4EBDF6005AA0F1 /* Sources */,
				8F009FF91B4EBDF6005AA0F1 /* Frameworks */,
				8F009FFA1B4EBDF6005AA0F1 /* Resources */,
			);
			buildRules = (
			);
			dependencies = (
				8F009FFE1B4EBDF6005AA0F1 /* PBXTargetDependency */,
			);
			name = BeekTests;
			productName = BeekTests;
			productReference = 8F009FFC1B4EBDF6005AA0F1 /* BeekTests.xctest */;
			productType = "com.apple.product-type.bundle.unit-test";
		};
/* End PBXNativeTarget section */

/* Begin PBXProject section */
		8F009FDF1B4EBDF6005AA0F1 /* Project object */ = {
			isa = PBXProject;
			attributes = {
				LastUpgradeCheck = 0640;
				ORGANIZATIONNAME = "Mayank Jain";
				TargetAttributes = {
					8F009FE61B4EBDF6005AA0F1 = {
						CreatedOnToolsVersion = 6.4;
						DevelopmentTeam = 9C8EQ3DGNG;
						SystemCapabilities = {
							com.apple.BackgroundModes = {
								enabled = 0;
							};
						};
					};
					8F009FFB1B4EBDF6005AA0F1 = {
						CreatedOnToolsVersion = 6.4;
						TestTargetID = 8F009FE61B4EBDF6005AA0F1;
					};
				};
			};
			buildConfigurationList = 8F009FE21B4EBDF6005AA0F1 /* Build configuration list for PBXProject "Beek" */;
			compatibilityVersion = "Xcode 3.2";
			developmentRegion = English;
			hasScannedForEncodings = 0;
			knownRegions = (
				en,
				Base,
			);
			mainGroup = 8F009FDE1B4EBDF6005AA0F1;
			productRefGroup = 8F009FE81B4EBDF6005AA0F1 /* Products */;
			projectDirPath = "";
			projectReferences = (
				{
					ProductGroup = 8FE362441B57F5F8005302F7 /* Products */;
					ProjectRef = 8FE362431B57F5F8005302F7 /* Quadrat.xcodeproj */;
				},
			);
			projectRoot = "";
			targets = (
				8F009FE61B4EBDF6005AA0F1 /* Beek */,
				8F009FFB1B4EBDF6005AA0F1 /* BeekTests */,
			);
		};
/* End PBXProject section */

/* Begin PBXReferenceProxy section */
		8FE362491B57F5F8005302F7 /* Quadrat.framework */ = {
			isa = PBXReferenceProxy;
			fileType = wrapper.framework;
			path = Quadrat.framework;
			remoteRef = 8FE362481B57F5F8005302F7 /* PBXContainerItemProxy */;
			sourceTree = BUILT_PRODUCTS_DIR;
		};
		8FE3624B1B57F5F8005302F7 /* QuadratTouch.framework */ = {
			isa = PBXReferenceProxy;
			fileType = wrapper.framework;
			path = QuadratTouch.framework;
			remoteRef = 8FE3624A1B57F5F8005302F7 /* PBXContainerItemProxy */;
			sourceTree = BUILT_PRODUCTS_DIR;
		};
/* End PBXReferenceProxy section */

/* Begin PBXResourcesBuildPhase section */
		8F009FE51B4EBDF6005AA0F1 /* Resources */ = {
			isa = PBXResourcesBuildPhase;
			buildActionMask = 2147483647;
			files = (
				8F38D6B31B75255C00429151 /* ic_notifications_48pt.png in Resources */,
				8F009FF21B4EBDF6005AA0F1 /* Main.storyboard in Resources */,
				8F80CC661B79261A009EE81B /* uiuc.gpx in Resources */,
				8F79A4131B617EB300270879 /* snapchat.png in Resources */,
				8F38D6B71B75264D00429151 /* ic_settings_48pt_2x.png in Resources */,
				8F4794441B6672E900A56906 /* pocket.png in Resources */,
				8F009FF71B4EBDF6005AA0F1 /* LaunchScreen.xib in Resources */,
				8FC0D57A1B695CBF00D61136 /* fairfaxTowneCenter.gpx in Resources */,
				8F38D6B01B75255C00429151 /* ic_exit_to_app_48pt.png in Resources */,
				8F009FF41B4EBDF6005AA0F1 /* Images.xcassets in Resources */,
				8F30C7F31B6038A6009B7C5D /* profile_icon.png in Resources */,
				8F30C7F01B6038A6009B7C5D /* logo_white.png in Resources */,
				8F30C7F81B6038B0009B7C5D /* instagram.png in Resources */,
				8F30C7EF1B6038A6009B7C5D /* beek_circl.png in Resources */,
				8F30C7EE1B6038A6009B7C5D /* balloon.jpg in Resources */,
				8F4794431B6672E900A56906 /* groupme.png in Resources */,
				8F30C7F21B6038A6009B7C5D /* poweredByFoursquare.png in Resources */,
				8F38D6AF1B75255C00429151 /* ic_exit_to_app_48pt_3x.png in Resources */,
				8F38D6BD1B7526FA00429151 /* ic_account_circle_48pt_2x.png in Resources */,
				8F30C7F11B6038A6009B7C5D /* postbutton.jpg in Resources */,
				8F38D6A61B7523EE00429151 /* profile_icon@3x.png in Resources */,
				8F7DCABD1B696E5900875D37 /* LawyersRd.gpx in Resources */,
				8F38D6BE1B7526FA00429151 /* ic_account_circle_48pt_3x.png in Resources */,
				8F30C7F71B6038B0009B7C5D /* facebook.png in Resources */,
				8F38D6BF1B7526FA00429151 /* ic_account_circle_48pt.png in Resources */,
				8F79A40F1B61400B00270879 /* googlemaps.png in Resources */,
				8F38D6A51B7523EE00429151 /* profile_icon@2x.png in Resources */,
				8F38D6B91B75264D00429151 /* ic_settings_48pt.png in Resources */,
				8F30C7F91B6038B0009B7C5D /* twitter.png in Resources */,
				8F79A40D1B613F7D00270879 /* spotify.png in Resources */,
				8F38D6B21B75255C00429151 /* ic_notifications_48pt_3x.png in Resources */,
				8F7DCAC01B696F2200875D37 /* RobbieHouse.gpx in Resources */,
				8F38D6AE1B75255C00429151 /* ic_exit_to_app_48pt_2x.png in Resources */,
				8F79A4121B617EB300270879 /* foursquare.png in Resources */,
				8F38D6B81B75264D00429151 /* ic_settings_48pt_3x.png in Resources */,
				8F30C7D91B60244D009B7C5D /* Apps.plist in Resources */,
				8F38D6B11B75255C00429151 /* ic_notifications_48pt_2x.png in Resources */,
				8F79A40B1B61305700270879 /* teoco.gpx in Resources */,
				8FEE5D1D1B7B923400B60703 /* addButton.png in Resources */,
			);
			runOnlyForDeploymentPostprocessing = 0;
		};
		8F009FFA1B4EBDF6005AA0F1 /* Resources */ = {
			isa = PBXResourcesBuildPhase;
			buildActionMask = 2147483647;
			files = (
			);
			runOnlyForDeploymentPostprocessing = 0;
		};
/* End PBXResourcesBuildPhase section */

/* Begin PBXShellScriptBuildPhase section */
		51107619CE7ED4C629773AFC /* Check Pods Manifest.lock */ = {
			isa = PBXShellScriptBuildPhase;
			buildActionMask = 2147483647;
			files = (
			);
			inputPaths = (
			);
			name = "Check Pods Manifest.lock";
			outputPaths = (
			);
			runOnlyForDeploymentPostprocessing = 0;
			shellPath = /bin/sh;
			shellScript = "diff \"${PODS_ROOT}/../Podfile.lock\" \"${PODS_ROOT}/Manifest.lock\" > /dev/null\nif [[ $? != 0 ]] ; then\n    cat << EOM\nerror: The sandbox is not in sync with the Podfile.lock. Run 'pod install' or update your CocoaPods installation.\nEOM\n    exit 1\nfi\n";
			showEnvVarsInLog = 0;
		};
		D86AEABACF55FF0AB3B55D3C /* Copy Pods Resources */ = {
			isa = PBXShellScriptBuildPhase;
			buildActionMask = 2147483647;
			files = (
			);
			inputPaths = (
			);
			name = "Copy Pods Resources";
			outputPaths = (
			);
			runOnlyForDeploymentPostprocessing = 0;
			shellPath = /bin/sh;
			shellScript = "\"${SRCROOT}/Pods/Target Support Files/Pods-Beek/Pods-Beek-resources.sh\"\n";
			showEnvVarsInLog = 0;
		};
/* End PBXShellScriptBuildPhase section */

/* Begin PBXSourcesBuildPhase section */
		8F009FE31B4EBDF6005AA0F1 /* Sources */ = {
			isa = PBXSourcesBuildPhase;
			buildActionMask = 2147483647;
			files = (
				8F00A0321B4EE0DB005AA0F1 /* CreatePostViewController.swift in Sources */,
				8F00A0421B500A9A005AA0F1 /* FeedbackViewController.swift in Sources */,
				8F5ED7551B96487A00F3E883 /* SignupViewController.swift in Sources */,
				8F00A05C1B504F5D005AA0F1 /* MyPostsViewController.swift in Sources */,
				8F2951691B6A7EA500B3F26C /* SwiftyJSON.swift in Sources */,
				8F00A0661B505B51005AA0F1 /* FoursquareDataSource.swift in Sources */,
				8F00A0361B4EE49C005AA0F1 /* DetailViewController.swift in Sources */,
				8FB005B01B53FCBC00839705 /* UserModel.swift in Sources */,
				8F009FEF1B4EBDF6005AA0F1 /* ViewController.swift in Sources */,
				8FB005B61B543CBA00839705 /* SearchWebViewController.swift in Sources */,
				8F29516F1B6BCD6400B3F26C /* TimePickerDataSource.swift in Sources */,
				8FC73F171B55517E008D3893 /* SettingsViewController.swift in Sources */,
				8FB005AE1B53FC9300839705 /* DBManager.swift in Sources */,
				8F00A03F1B4F56F6005AA0F1 /* LoginViewController.swift in Sources */,
				8F5DD76B1B5D4DE2005E2548 /* SearchesDataSource.swift in Sources */,
				8F5DD7681B5D4285005E2548 /* AppLauncherDataSource.swift in Sources */,
				8F29516B1B6AB1CB00B3F26C /* PlacePickerDataSource.swift in Sources */,
				8F1020951B66D261005C6F0F /* ContextDataSource.swift in Sources */,
				8F00A0561B501C7A005AA0F1 /* ProfileViewController.swift in Sources */,
				8F009FED1B4EBDF6005AA0F1 /* AppDelegate.swift in Sources */,
				8F1020B71B67D97F005C6F0F /* ContextManager.swift in Sources */,
				8F3BF6BF1B51650B00F56232 /* PostModel.swift in Sources */,
			);
			runOnlyForDeploymentPostprocessing = 0;
		};
		8F009FF81B4EBDF6005AA0F1 /* Sources */ = {
			isa = PBXSourcesBuildPhase;
			buildActionMask = 2147483647;
			files = (
				8F00A0031B4EBDF6005AA0F1 /* BeekTests.swift in Sources */,
			);
			runOnlyForDeploymentPostprocessing = 0;
		};
/* End PBXSourcesBuildPhase section */

/* Begin PBXTargetDependency section */
		8F009FFE1B4EBDF6005AA0F1 /* PBXTargetDependency */ = {
			isa = PBXTargetDependency;
			target = 8F009FE61B4EBDF6005AA0F1 /* Beek */;
			targetProxy = 8F009FFD1B4EBDF6005AA0F1 /* PBXContainerItemProxy */;
		};
		8FE3624D1B57F603005302F7 /* PBXTargetDependency */ = {
			isa = PBXTargetDependency;
			name = QuadratTouch;
			targetProxy = 8FE3624C1B57F603005302F7 /* PBXContainerItemProxy */;
		};
/* End PBXTargetDependency section */

/* Begin PBXVariantGroup section */
		8F009FF01B4EBDF6005AA0F1 /* Main.storyboard */ = {
			isa = PBXVariantGroup;
			children = (
				8F009FF11B4EBDF6005AA0F1 /* Base */,
			);
			name = Main.storyboard;
			sourceTree = "<group>";
		};
		8F009FF51B4EBDF6005AA0F1 /* LaunchScreen.xib */ = {
			isa = PBXVariantGroup;
			children = (
				8F009FF61B4EBDF6005AA0F1 /* Base */,
			);
			name = LaunchScreen.xib;
			sourceTree = "<group>";
		};
/* End PBXVariantGroup section */

/* Begin XCBuildConfiguration section */
		8F00A0041B4EBDF6005AA0F1 /* Debug */ = {
			isa = XCBuildConfiguration;
			buildSettings = {
				ALWAYS_SEARCH_USER_PATHS = NO;
				CLANG_CXX_LANGUAGE_STANDARD = "gnu++0x";
				CLANG_CXX_LIBRARY = "libc++";
				CLANG_ENABLE_MODULES = YES;
				CLANG_ENABLE_OBJC_ARC = YES;
				CLANG_WARN_BOOL_CONVERSION = YES;
				CLANG_WARN_CONSTANT_CONVERSION = YES;
				CLANG_WARN_DIRECT_OBJC_ISA_USAGE = YES_ERROR;
				CLANG_WARN_EMPTY_BODY = YES;
				CLANG_WARN_ENUM_CONVERSION = YES;
				CLANG_WARN_INT_CONVERSION = YES;
				CLANG_WARN_OBJC_ROOT_CLASS = YES_ERROR;
				CLANG_WARN_UNREACHABLE_CODE = YES;
				CLANG_WARN__DUPLICATE_METHOD_MATCH = YES;
				"CODE_SIGN_IDENTITY[sdk=iphoneos*]" = "iPhone Developer";
				COPY_PHASE_STRIP = NO;
				DEBUG_INFORMATION_FORMAT = "dwarf-with-dsym";
				ENABLE_STRICT_OBJC_MSGSEND = YES;
				GCC_C_LANGUAGE_STANDARD = gnu99;
				GCC_DYNAMIC_NO_PIC = NO;
				GCC_NO_COMMON_BLOCKS = YES;
				GCC_OPTIMIZATION_LEVEL = 0;
				GCC_PREPROCESSOR_DEFINITIONS = (
					"DEBUG=1",
					"$(inherited)",
				);
				GCC_SYMBOLS_PRIVATE_EXTERN = NO;
				GCC_WARN_64_TO_32_BIT_CONVERSION = YES;
				GCC_WARN_ABOUT_RETURN_TYPE = YES_ERROR;
				GCC_WARN_UNDECLARED_SELECTOR = YES;
				GCC_WARN_UNINITIALIZED_AUTOS = YES_AGGRESSIVE;
				GCC_WARN_UNUSED_FUNCTION = YES;
				GCC_WARN_UNUSED_VARIABLE = YES;
				IPHONEOS_DEPLOYMENT_TARGET = 8.4;
				MTL_ENABLE_DEBUG_INFO = YES;
				ONLY_ACTIVE_ARCH = YES;
				SDKROOT = iphoneos;
				SWIFT_OPTIMIZATION_LEVEL = "-Onone";
				TARGETED_DEVICE_FAMILY = "1,2";
			};
			name = Debug;
		};
		8F00A0051B4EBDF6005AA0F1 /* Release */ = {
			isa = XCBuildConfiguration;
			buildSettings = {
				ALWAYS_SEARCH_USER_PATHS = NO;
				CLANG_CXX_LANGUAGE_STANDARD = "gnu++0x";
				CLANG_CXX_LIBRARY = "libc++";
				CLANG_ENABLE_MODULES = YES;
				CLANG_ENABLE_OBJC_ARC = YES;
				CLANG_WARN_BOOL_CONVERSION = YES;
				CLANG_WARN_CONSTANT_CONVERSION = YES;
				CLANG_WARN_DIRECT_OBJC_ISA_USAGE = YES_ERROR;
				CLANG_WARN_EMPTY_BODY = YES;
				CLANG_WARN_ENUM_CONVERSION = YES;
				CLANG_WARN_INT_CONVERSION = YES;
				CLANG_WARN_OBJC_ROOT_CLASS = YES_ERROR;
				CLANG_WARN_UNREACHABLE_CODE = YES;
				CLANG_WARN__DUPLICATE_METHOD_MATCH = YES;
				"CODE_SIGN_IDENTITY[sdk=iphoneos*]" = "iPhone Developer";
				COPY_PHASE_STRIP = NO;
				DEBUG_INFORMATION_FORMAT = "dwarf-with-dsym";
				ENABLE_NS_ASSERTIONS = NO;
				ENABLE_STRICT_OBJC_MSGSEND = YES;
				GCC_C_LANGUAGE_STANDARD = gnu99;
				GCC_NO_COMMON_BLOCKS = YES;
				GCC_WARN_64_TO_32_BIT_CONVERSION = YES;
				GCC_WARN_ABOUT_RETURN_TYPE = YES_ERROR;
				GCC_WARN_UNDECLARED_SELECTOR = YES;
				GCC_WARN_UNINITIALIZED_AUTOS = YES_AGGRESSIVE;
				GCC_WARN_UNUSED_FUNCTION = YES;
				GCC_WARN_UNUSED_VARIABLE = YES;
				IPHONEOS_DEPLOYMENT_TARGET = 8.4;
				MTL_ENABLE_DEBUG_INFO = NO;
				SDKROOT = iphoneos;
				TARGETED_DEVICE_FAMILY = "1,2";
				VALIDATE_PRODUCT = YES;
			};
			name = Release;
		};
		8F00A0071B4EBDF6005AA0F1 /* Debug */ = {
			isa = XCBuildConfiguration;
			baseConfigurationReference = F455F99DE27AEB9F03BD008E /* Pods-Beek.debug.xcconfig */;
			buildSettings = {
				ASSETCATALOG_COMPILER_APPICON_NAME = AppIcon;
				CLANG_ENABLE_MODULES = YES;
				CODE_SIGN_IDENTITY = "iPhone Developer";
				"CODE_SIGN_IDENTITY[sdk=iphoneos*]" = "iPhone Developer";
				FRAMEWORK_SEARCH_PATHS = (
					"$(inherited)",
					"$(PROJECT_DIR)/Beek",
					"$(PROJECT_DIR)/Beek/Frameworks",
					/Users/mjmayank/Documents/FacebookSDK,
				);
				INFOPLIST_FILE = Beek/Info.plist;
				IPHONEOS_DEPLOYMENT_TARGET = 8.0;
				LD_RUNPATH_SEARCH_PATHS = "$(inherited) @executable_path/Frameworks";
				OTHER_LDFLAGS = (
					"$(inherited)",
					"-framework",
					"\"CoreLocation\"",
					"-framework",
					"\"LocationKit\"",
					"-framework",
					"\"MapKit\"",
					"-framework",
					"\"SystemConfiguration\"",
				);
				PRODUCT_NAME = "$(TARGET_NAME)";
				PROVISIONING_PROFILE = "";
				SWIFT_OBJC_BRIDGING_HEADER = "Beek/Beek-Bridging-Header.h";
				SWIFT_OPTIMIZATION_LEVEL = "-Onone";
			};
			name = Debug;
		};
		8F00A0081B4EBDF6005AA0F1 /* Release */ = {
			isa = XCBuildConfiguration;
			baseConfigurationReference = DFF11983F002CEE3AE7DD08A /* Pods-Beek.release.xcconfig */;
			buildSettings = {
				ASSETCATALOG_COMPILER_APPICON_NAME = AppIcon;
				CLANG_ENABLE_MODULES = YES;
				CODE_SIGN_IDENTITY = "iPhone Developer";
				"CODE_SIGN_IDENTITY[sdk=iphoneos*]" = "iPhone Developer";
				FRAMEWORK_SEARCH_PATHS = (
					"$(inherited)",
					"$(PROJECT_DIR)/Beek",
					"$(PROJECT_DIR)/Beek/Frameworks",
					/Users/mjmayank/Documents/FacebookSDK,
				);
				INFOPLIST_FILE = Beek/Info.plist;
				IPHONEOS_DEPLOYMENT_TARGET = 8.0;
				LD_RUNPATH_SEARCH_PATHS = "$(inherited) @executable_path/Frameworks";
				OTHER_LDFLAGS = (
					"$(inherited)",
					"-framework",
					"\"CoreLocation\"",
					"-framework",
					"\"LocationKit\"",
					"-framework",
					"\"MapKit\"",
					"-framework",
					"\"SystemConfiguration\"",
				);
				PRODUCT_NAME = "$(TARGET_NAME)";
				PROVISIONING_PROFILE = "";
				SWIFT_OBJC_BRIDGING_HEADER = "Beek/Beek-Bridging-Header.h";
			};
			name = Release;
		};
		8F00A00A1B4EBDF6005AA0F1 /* Debug */ = {
			isa = XCBuildConfiguration;
			buildSettings = {
				BUNDLE_LOADER = "$(TEST_HOST)";
				FRAMEWORK_SEARCH_PATHS = (
					"$(SDKROOT)/Developer/Library/Frameworks",
					"$(inherited)",
				);
				GCC_PREPROCESSOR_DEFINITIONS = (
					"DEBUG=1",
					"$(inherited)",
				);
				INFOPLIST_FILE = BeekTests/Info.plist;
				LD_RUNPATH_SEARCH_PATHS = "$(inherited) @executable_path/Frameworks @loader_path/Frameworks";
				PRODUCT_NAME = "$(TARGET_NAME)";
				TEST_HOST = "$(BUILT_PRODUCTS_DIR)/Beek.app/Beek";
			};
			name = Debug;
		};
		8F00A00B1B4EBDF6005AA0F1 /* Release */ = {
			isa = XCBuildConfiguration;
			buildSettings = {
				BUNDLE_LOADER = "$(TEST_HOST)";
				FRAMEWORK_SEARCH_PATHS = (
					"$(SDKROOT)/Developer/Library/Frameworks",
					"$(inherited)",
				);
				INFOPLIST_FILE = BeekTests/Info.plist;
				LD_RUNPATH_SEARCH_PATHS = "$(inherited) @executable_path/Frameworks @loader_path/Frameworks";
				PRODUCT_NAME = "$(TARGET_NAME)";
				TEST_HOST = "$(BUILT_PRODUCTS_DIR)/Beek.app/Beek";
			};
			name = Release;
		};
/* End XCBuildConfiguration section */

/* Begin XCConfigurationList section */
		8F009FE21B4EBDF6005AA0F1 /* Build configuration list for PBXProject "Beek" */ = {
			isa = XCConfigurationList;
			buildConfigurations = (
				8F00A0041B4EBDF6005AA0F1 /* Debug */,
				8F00A0051B4EBDF6005AA0F1 /* Release */,
			);
			defaultConfigurationIsVisible = 0;
			defaultConfigurationName = Release;
		};
		8F00A0061B4EBDF6005AA0F1 /* Build configuration list for PBXNativeTarget "Beek" */ = {
			isa = XCConfigurationList;
			buildConfigurations = (
				8F00A0071B4EBDF6005AA0F1 /* Debug */,
				8F00A0081B4EBDF6005AA0F1 /* Release */,
			);
			defaultConfigurationIsVisible = 0;
			defaultConfigurationName = Release;
		};
		8F00A0091B4EBDF6005AA0F1 /* Build configuration list for PBXNativeTarget "BeekTests" */ = {
			isa = XCConfigurationList;
			buildConfigurations = (
				8F00A00A1B4EBDF6005AA0F1 /* Debug */,
				8F00A00B1B4EBDF6005AA0F1 /* Release */,
			);
			defaultConfigurationIsVisible = 0;
			defaultConfigurationName = Release;
		};
/* End XCConfigurationList section */
	};
	rootObject = 8F009FDF1B4EBDF6005AA0F1 /* Project object */;
}
